
Microsoft Visual Studio Solution File, Format Version 12.00
# Visual Studio Version 17
VisualStudioVersion = 17.4.33103.184
MinimumVisualStudioVersion = 10.0.40219.1
Project("{FAE04EC0-301F-11D3-BF4B-00C04F79EFBC}") = "BizimKafe.DATA", "BizimKafe.DATA\BizimKafe.DATA.csproj", "{24BE1DB3-5F29-4044-BC12-80DA3DB398EE}"
EndProject
Project("{FAE04EC0-301F-11D3-BF4B-00C04F79EFBC}") = "BizimKafe.UI", "BizimKafe.UI\BizimKafe.UI.csproj", "{1CADB073-F88F-49C5-A24A-B7D313D7BB92}"
EndProject
Global
	GlobalSection(SolutionConfigurationPlatforms) = preSolution
		Debug|Any CPU = Debug|Any CPU
		Release|Any CPU = Release|Any CPU
	EndGlobalSection
	GlobalSection(ProjectConfigurationPlatforms) = postSolution
		{24BE1DB3-5F29-4044-BC12-80DA3DB398EE}.Debug|Any CPU.ActiveCfg = Debug|Any CPU
		{24BE1DB3-5F29-4044-BC12-80DA3DB398EE}.Debug|Any CPU.Build.0 = Debug|Any CPU
		{24BE1DB3-5F29-4044-BC12-80DA3DB398EE}.Release|Any CPU.ActiveCfg = Release|Any CPU
		{24BE1DB3-5F29-4044-BC12-80DA3DB398EE}.Release|Any CPU.Build.0 = Release|Any CPU
		{1CADB073-F88F-49C5-A24A-B7D313D7BB92}.Debug|Any CPU.ActiveCfg = Debug|Any CPU
		{1CADB073-F88F-49C5-A24A-B7D313D7BB92}.Debug|Any CPU.Build.0 = Debug|Any CPU
		{1CADB073-F88F-49C5-A24A-B7D313D7BB92}.Release|Any CPU.ActiveCfg = Release|Any CPU
		{1CADB073-F88F-49C5-A24A-B7D313D7BB92}.Release|Any CPU.Build.0 = Release|Any CPU
	EndGlobalSection
	GlobalSection(SolutionProperties) = preSolution
		HideSolutionNode = FALSE
	EndGlobalSection
	GlobalSection(ExtensibilityGlobals) = postSolution
		SolutionGuid = {FF25AE31-3F3F-4BEC-8BF2-DC87D8C95E71}
	EndGlobalSection
EndGlobal
